
Microsoft Visual Studio Solution File, Format Version 12.00
# Visual Studio Version 16
VisualStudioVersion = 16.0.29926.136
MinimumVisualStudioVersion = 10.0.40219.1
Project("{FAE04EC0-301F-11D3-BF4B-00C04F79EFBC}") = "WpfApp1", "WpfApp1\WpfApp1.csproj", "{4224DDDB-B82E-4EDC-AC78-C835F2525238}"
EndProject
Global
	GlobalSection(SolutionConfigurationPlatforms) = preSolution
		Debug|Any CPU = Debug|Any CPU
		Release|Any CPU = Release|Any CPU
	EndGlobalSection
	GlobalSection(ProjectConfigurationPlatforms) = postSolution
		{4224DDDB-B82E-4EDC-AC78-C835F2525238}.Debug|Any CPU.ActiveCfg = Debug|Any CPU
		{4224DDDB-B82E-4EDC-AC78-C835F2525238}.Debug|Any CPU.Build.0 = Debug|Any CPU
		{4224DDDB-B82E-4EDC-AC78-C835F2525238}.Release|Any CPU.ActiveCfg = Release|Any CPU
		{4224DDDB-B82E-4EDC-AC78-C835F2525238}.Release|Any CPU.Build.0 = Release|Any CPU
	EndGlobalSection
	GlobalSection(SolutionProperties) = preSolution
		HideSolutionNode = FALSE
	EndGlobalSection
	GlobalSection(ExtensibilityGlobals) = postSolution
		SolutionGuid = {493FFA5B-8A44-4FC2-B0F1-D944EC85672D}
	EndGlobalSection
EndGlobal
